
Microsoft Visual Studio Solution File, Format Version 12.00
# Visual Studio Version 16
VisualStudioVersion = 16.0.29806.167
MinimumVisualStudioVersion = 10.0.40219.1
Project("{FAE04EC0-301F-11D3-BF4B-00C04F79EFBC}") = "FashionApp.Android", "FashionApp.Android\FashionApp.Android.csproj", "{39CBB51E-B281-4BA8-8456-87137751C4E3}"
EndProject
Project("{FAE04EC0-301F-11D3-BF4B-00C04F79EFBC}") = "FashionApp.iOS", "FashionApp.iOS\FashionApp.iOS.csproj", "{F0D925C3-A3C7-4463-A70F-E8C1C927A2C3}"
EndProject
Project("{FAE04EC0-301F-11D3-BF4B-00C04F79EFBC}") = "FashionApp", "FashionApp\FashionApp.csproj", "{61B11B3C-D4AF-4F37-AE00-BCD828AB503A}"
EndProject
Global
	GlobalSection(SolutionConfigurationPlatforms) = preSolution
		Debug|Any CPU = Debug|Any CPU
		Debug|iPhone = Debug|iPhone
		Debug|iPhoneSimulator = Debug|iPhoneSimulator
		Release|Any CPU = Release|Any CPU
		Release|iPhone = Release|iPhone
		Release|iPhoneSimulator = Release|iPhoneSimulator
	EndGlobalSection
	GlobalSection(ProjectConfigurationPlatforms) = postSolution
		{39CBB51E-B281-4BA8-8456-87137751C4E3}.Debug|Any CPU.ActiveCfg = Debug|Any CPU
		{39CBB51E-B281-4BA8-8456-87137751C4E3}.Debug|Any CPU.Build.0 = Debug|Any CPU
		{39CBB51E-B281-4BA8-8456-87137751C4E3}.Debug|Any CPU.Deploy.0 = Debug|Any CPU
		{39CBB51E-B281-4BA8-8456-87137751C4E3}.Debug|iPhone.ActiveCfg = Debug|Any CPU
		{39CBB51E-B281-4BA8-8456-87137751C4E3}.Debug|iPhone.Build.0 = Debug|Any CPU
		{39CBB51E-B281-4BA8-8456-87137751C4E3}.Debug|iPhone.Deploy.0 = Debug|Any CPU
		{39CBB51E-B281-4BA8-8456-87137751C4E3}.Debug|iPhoneSimulator.ActiveCfg = Debug|Any CPU
		{39CBB51E-B281-4BA8-8456-87137751C4E3}.Debug|iPhoneSimulator.Build.0 = Debug|Any CPU
		{39CBB51E-B281-4BA8-8456-87137751C4E3}.Debug|iPhoneSimulator.Deploy.0 = Debug|Any CPU
		{39CBB51E-B281-4BA8-8456-87137751C4E3}.Release|Any CPU.ActiveCfg = Release|Any CPU
		{39CBB51E-B281-4BA8-8456-87137751C4E3}.Release|Any CPU.Build.0 = Release|Any CPU
		{39CBB51E-B281-4BA8-8456-87137751C4E3}.Release|Any CPU.Deploy.0 = Release|Any CPU
		{39CBB51E-B281-4BA8-8456-87137751C4E3}.Release|iPhone.ActiveCfg = Release|Any CPU
		{39CBB51E-B281-4BA8-8456-87137751C4E3}.Release|iPhone.Build.0 = Release|Any CPU
		{39CBB51E-B281-4BA8-8456-87137751C4E3}.Release|iPhone.Deploy.0 = Release|Any CPU
		{39CBB51E-B281-4BA8-8456-87137751C4E3}.Release|iPhoneSimulator.ActiveCfg = Release|Any CPU
		{39CBB51E-B281-4BA8-8456-87137751C4E3}.Release|iPhoneSimulator.Build.0 = Release|Any CPU
		{39CBB51E-B281-4BA8-8456-87137751C4E3}.Release|iPhoneSimulator.Deploy.0 = Release|Any CPU
		{F0D925C3-A3C7-4463-A70F-E8C1C927A2C3}.Debug|Any CPU.ActiveCfg = Debug|iPhoneSimulator
		{F0D925C3-A3C7-4463-A70F-E8C1C927A2C3}.Debug|Any CPU.Build.0 = Debug|iPhoneSimulator
		{F0D925C3-A3C7-4463-A70F-E8C1C927A2C3}.Debug|Any CPU.Deploy.0 = Debug|iPhoneSimulator
		{F0D925C3-A3C7-4463-A70F-E8C1C927A2C3}.Debug|iPhone.ActiveCfg = Debug|iPhone
		{F0D925C3-A3C7-4463-A70F-E8C1C927A2C3}.Debug|iPhone.Build.0 = Debug|iPhone
		{F0D925C3-A3C7-4463-A70F-E8C1C927A2C3}.Debug|iPhone.Deploy.0 = Debug|iPhone
		{F0D925C3-A3C7-4463-A70F-E8C1C927A2C3}.Debug|iPhoneSimulator.ActiveCfg = Debug|iPhoneSimulator
		{F0D925C3-A3C7-4463-A70F-E8C1C927A2C3}.Debug|iPhoneSimulator.Build.0 = Debug|iPhoneSimulator
		{F0D925C3-A3C7-4463-A70F-E8C1C927A2C3}.Debug|iPhoneSimulator.Deploy.0 = Debug|iPhoneSimulator
		{F0D925C3-A3C7-4463-A70F-E8C1C927A2C3}.Release|Any CPU.ActiveCfg = Release|iPhone
		{F0D925C3-A3C7-4463-A70F-E8C1C927A2C3}.Release|Any CPU.Build.0 = Release|iPhone
		{F0D925C3-A3C7-4463-A70F-E8C1C927A2C3}.Release|Any CPU.Deploy.0 = Release|iPhone
		{F0D925C3-A3C7-4463-A70F-E8C1C927A2C3}.Release|iPhone.ActiveCfg = Release|iPhone
		{F0D925C3-A3C7-4463-A70F-E8C1C927A2C3}.Release|iPhone.Build.0 = Release|iPhone
		{F0D925C3-A3C7-4463-A70F-E8C1C927A2C3}.Release|iPhone.Deploy.0 = Release|iPhone
		{F0D925C3-A3C7-4463-A70F-E8C1C927A2C3}.Release|iPhoneSimulator.ActiveCfg = Release|iPhoneSimulator
		{F0D925C3-A3C7-4463-A70F-E8C1C927A2C3}.Release|iPhoneSimulator.Build.0 = Release|iPhoneSimulator
		{F0D925C3-A3C7-4463-A70F-E8C1C927A2C3}.Release|iPhoneSimulator.Deploy.0 = Release|iPhoneSimulator
		{61B11B3C-D4AF-4F37-AE00-BCD828AB503A}.Debug|Any CPU.ActiveCfg = Debug|Any CPU
		{61B11B3C-D4AF-4F37-AE00-BCD828AB503A}.Debug|Any CPU.Build.0 = Debug|Any CPU
		{61B11B3C-D4AF-4F37-AE00-BCD828AB503A}.Debug|Any CPU.Deploy.0 = Debug|Any CPU
		{61B11B3C-D4AF-4F37-AE00-BCD828AB503A}.Debug|iPhone.ActiveCfg = Debug|Any CPU
		{61B11B3C-D4AF-4F37-AE00-BCD828AB503A}.Debug|iPhone.Build.0 = Debug|Any CPU
		{61B11B3C-D4AF-4F37-AE00-BCD828AB503A}.Debug|iPhone.Deploy.0 = Debug|Any CPU
		{61B11B3C-D4AF-4F37-AE00-BCD828AB503A}.Debug|iPhoneSimulator.ActiveCfg = Debug|Any CPU
		{61B11B3C-D4AF-4F37-AE00-BCD828AB503A}.Debug|iPhoneSimulator.Build.0 = Debug|Any CPU
		{61B11B3C-D4AF-4F37-AE00-BCD828AB503A}.Debug|iPhoneSimulator.Deploy.0 = Debug|Any CPU
		{61B11B3C-D4AF-4F37-AE00-BCD828AB503A}.Release|Any CPU.ActiveCfg = Release|Any CPU
		{61B11B3C-D4AF-4F37-AE00-BCD828AB503A}.Release|Any CPU.Build.0 = Release|Any CPU
		{61B11B3C-D4AF-4F37-AE00-BCD828AB503A}.Release|Any CPU.Deploy.0 = Release|Any CPU
		{61B11B3C-D4AF-4F37-AE00-BCD828AB503A}.Release|iPhone.ActiveCfg = Release|Any CPU
		{61B11B3C-D4AF-4F37-AE00-BCD828AB503A}.Release|iPhone.Build.0 = Release|Any CPU
		{61B11B3C-D4AF-4F37-AE00-BCD828AB503A}.Release|iPhone.Deploy.0 = Release|Any CPU
		{61B11B3C-D4AF-4F37-AE00-BCD828AB503A}.Release|iPhoneSimulator.ActiveCfg = Release|Any CPU
		{61B11B3C-D4AF-4F37-AE00-BCD828AB503A}.Release|iPhoneSimulator.Build.0 = Release|Any CPU
		{61B11B3C-D4AF-4F37-AE00-BCD828AB503A}.Release|iPhoneSimulator.Deploy.0 = Release|Any CPU
	EndGlobalSection
	GlobalSection(SolutionProperties) = preSolution
		HideSolutionNode = FALSE
	EndGlobalSection
	GlobalSection(ExtensibilityGlobals) = postSolution
		SolutionGuid = {A35CC787-DB50-4AB6-8E29-93E5CAEA0E10}
	EndGlobalSection
EndGlobal
